// !$*UTF8*$!
{
	archiveVersion = 1;
	classes = {
	};
	objectVersion = 46;
	objects = {

/* Begin PBXBuildFile section */
		2414C8FE1C7AB3A10030B861 /* AddMovieToSceneVC.swift in Sources */ = {isa = PBXBuildFile; fileRef = 2414C8FD1C7AB3A10030B861 /* AddMovieToSceneVC.swift */; };
		2414C9001C7EAD720030B861 /* UILabelAutoSize.swift in Sources */ = {isa = PBXBuildFile; fileRef = 2414C8FF1C7EAD720030B861 /* UILabelAutoSize.swift */; };
		245CE63A1C72CC470083DAA8 /* AppDelegate.swift in Sources */ = {isa = PBXBuildFile; fileRef = 245CE6391C72CC470083DAA8 /* AppDelegate.swift */; };
		245CE63C1C72CC470083DAA8 /* MainViewController.swift in Sources */ = {isa = PBXBuildFile; fileRef = 245CE63B1C72CC470083DAA8 /* MainViewController.swift */; };
		245CE63F1C72CC470083DAA8 /* Main.storyboard in Resources */ = {isa = PBXBuildFile; fileRef = 245CE63D1C72CC470083DAA8 /* Main.storyboard */; };
		245CE6421C72CC470083DAA8 /* My_Life_is_a_Movie.xcdatamodeld in Sources */ = {isa = PBXBuildFile; fileRef = 245CE6401C72CC470083DAA8 /* My_Life_is_a_Movie.xcdatamodeld */; };
		245CE6441C72CC470083DAA8 /* Assets.xcassets in Resources */ = {isa = PBXBuildFile; fileRef = 245CE6431C72CC470083DAA8 /* Assets.xcassets */; };
		245CE6471C72CC470083DAA8 /* LaunchScreen.storyboard in Resources */ = {isa = PBXBuildFile; fileRef = 245CE6451C72CC470083DAA8 /* LaunchScreen.storyboard */; };
		245CE6501C72CC6E0083DAA8 /* README in Resources */ = {isa = PBXBuildFile; fileRef = 245CE64F1C72CC6E0083DAA8 /* README */; };
		245CE6551C73DB4D0083DAA8 /* Skia.ttf in Resources */ = {isa = PBXBuildFile; fileRef = 245CE6541C73DB4D0083DAA8 /* Skia.ttf */; };
		248603E31C73EB15005DC9B7 /* SceneCell.swift in Sources */ = {isa = PBXBuildFile; fileRef = 248603E21C73EB15005DC9B7 /* SceneCell.swift */; };
		248603E51C73ED35005DC9B7 /* ScenePost.swift in Sources */ = {isa = PBXBuildFile; fileRef = 248603E41C73ED35005DC9B7 /* ScenePost.swift */; };
		248603EE1C767070005DC9B7 /* Scene+CoreDataProperties.swift in Sources */ = {isa = PBXBuildFile; fileRef = 248603EC1C767070005DC9B7 /* Scene+CoreDataProperties.swift */; };
		248603EF1C767070005DC9B7 /* Scene.swift in Sources */ = {isa = PBXBuildFile; fileRef = 248603ED1C767070005DC9B7 /* Scene.swift */; };
		248603F11C768582005DC9B7 /* SceneDetailsVC.swift in Sources */ = {isa = PBXBuildFile; fileRef = 248603F01C768582005DC9B7 /* SceneDetailsVC.swift */; };
		248603F31C7685CA005DC9B7 /* CreateSceneVC.swift in Sources */ = {isa = PBXBuildFile; fileRef = 248603F21C7685CA005DC9B7 /* CreateSceneVC.swift */; };
/* End PBXBuildFile section */

/* Begin PBXFileReference section */
		2414C8FD1C7AB3A10030B861 /* AddMovieToSceneVC.swift */ = {isa = PBXFileReference; fileEncoding = 4; lastKnownFileType = sourcecode.swift; path = AddMovieToSceneVC.swift; sourceTree = "<group>"; };
		2414C8FF1C7EAD720030B861 /* UILabelAutoSize.swift */ = {isa = PBXFileReference; fileEncoding = 4; lastKnownFileType = sourcecode.swift; path = UILabelAutoSize.swift; sourceTree = "<group>"; };
		245CE6361C72CC470083DAA8 /* My-Life-is-a-Movie.app */ = {isa = PBXFileReference; explicitFileType = wrapper.application; includeInIndex = 0; path = "My-Life-is-a-Movie.app"; sourceTree = BUILT_PRODUCTS_DIR; };
		245CE6391C72CC470083DAA8 /* AppDelegate.swift */ = {isa = PBXFileReference; lastKnownFileType = sourcecode.swift; name = AppDelegate.swift; path = "My-Life-is-a-Movie/AppDelegate.swift"; sourceTree = "<group>"; };
		245CE63B1C72CC470083DAA8 /* MainViewController.swift */ = {isa = PBXFileReference; lastKnownFileType = sourcecode.swift; name = MainViewController.swift; path = "My-Life-is-a-Movie/MainViewController.swift"; sourceTree = "<group>"; };
		245CE63E1C72CC470083DAA8 /* Base */ = {isa = PBXFileReference; lastKnownFileType = file.storyboard; name = Base; path = Base.lproj/Main.storyboard; sourceTree = "<group>"; };
		245CE6411C72CC470083DAA8 /* My_Life_is_a_Movie.xcdatamodel */ = {isa = PBXFileReference; lastKnownFileType = wrapper.xcdatamodel; path = My_Life_is_a_Movie.xcdatamodel; sourceTree = "<group>"; };
		245CE6431C72CC470083DAA8 /* Assets.xcassets */ = {isa = PBXFileReference; lastKnownFileType = folder.assetcatalog; path = Assets.xcassets; sourceTree = "<group>"; };
		245CE6461C72CC470083DAA8 /* Base */ = {isa = PBXFileReference; lastKnownFileType = file.storyboard; name = Base; path = Base.lproj/LaunchScreen.storyboard; sourceTree = "<group>"; };
		245CE6481C72CC470083DAA8 /* Info.plist */ = {isa = PBXFileReference; lastKnownFileType = text.plist.xml; path = Info.plist; sourceTree = "<group>"; };
		245CE64F1C72CC6E0083DAA8 /* README */ = {isa = PBXFileReference; fileEncoding = 4; lastKnownFileType = text; path = README; sourceTree = "<group>"; };
		245CE6541C73DB4D0083DAA8 /* Skia.ttf */ = {isa = PBXFileReference; lastKnownFileType = file; path = Skia.ttf; sourceTree = "<group>"; };
		248603E21C73EB15005DC9B7 /* SceneCell.swift */ = {isa = PBXFileReference; fileEncoding = 4; lastKnownFileType = sourcecode.swift; path = SceneCell.swift; sourceTree = "<group>"; };
		248603E41C73ED35005DC9B7 /* ScenePost.swift */ = {isa = PBXFileReference; fileEncoding = 4; lastKnownFileType = sourcecode.swift; path = ScenePost.swift; sourceTree = "<group>"; };
		248603EC1C767070005DC9B7 /* Scene+CoreDataProperties.swift */ = {isa = PBXFileReference; fileEncoding = 4; lastKnownFileType = sourcecode.swift; path = "Scene+CoreDataProperties.swift"; sourceTree = "<group>"; };
		248603ED1C767070005DC9B7 /* Scene.swift */ = {isa = PBXFileReference; fileEncoding = 4; lastKnownFileType = sourcecode.swift; path = Scene.swift; sourceTree = "<group>"; };
		248603F01C768582005DC9B7 /* SceneDetailsVC.swift */ = {isa = PBXFileReference; fileEncoding = 4; lastKnownFileType = sourcecode.swift; path = SceneDetailsVC.swift; sourceTree = "<group>"; };
		248603F21C7685CA005DC9B7 /* CreateSceneVC.swift */ = {isa = PBXFileReference; fileEncoding = 4; lastKnownFileType = sourcecode.swift; path = CreateSceneVC.swift; sourceTree = "<group>"; };
/* End PBXFileReference section */

/* Begin PBXFrameworksBuildPhase section */
		245CE6331C72CC470083DAA8 /* Frameworks */ = {
			isa = PBXFrameworksBuildPhase;
			buildActionMask = 2147483647;
			files = (
			);
			runOnlyForDeploymentPostprocessing = 0;
		};
/* End PBXFrameworksBuildPhase section */

/* Begin PBXGroup section */
		245CE62D1C72CC470083DAA8 = {
			isa = PBXGroup;
			children = (
				245CE6521C73A38A0083DAA8 /* controller */,
				245CE6531C73A3A10083DAA8 /* model */,
				245CE6511C73A3730083DAA8 /* view */,
				245CE64E1C72CC580083DAA8 /* General */,
				245CE6381C72CC470083DAA8 /* assets */,
				245CE6371C72CC470083DAA8 /* Products */,
			);
			sourceTree = "<group>";
		};
		245CE6371C72CC470083DAA8 /* Products */ = {
			isa = PBXGroup;
			children = (
				245CE6361C72CC470083DAA8 /* My-Life-is-a-Movie.app */,
			);
			name = Products;
			sourceTree = "<group>";
		};
		245CE6381C72CC470083DAA8 /* assets */ = {
			isa = PBXGroup;
			children = (
				245CE6541C73DB4D0083DAA8 /* Skia.ttf */,
				245CE6431C72CC470083DAA8 /* Assets.xcassets */,
				245CE6481C72CC470083DAA8 /* Info.plist */,
			);
			name = assets;
			path = "My-Life-is-a-Movie";
			sourceTree = "<group>";
		};
		245CE64E1C72CC580083DAA8 /* General */ = {
			isa = PBXGroup;
			children = (
				245CE64F1C72CC6E0083DAA8 /* README */,
				2414C8FF1C7EAD720030B861 /* UILabelAutoSize.swift */,
			);
			name = General;
			sourceTree = "<group>";
		};
		245CE6511C73A3730083DAA8 /* view */ = {
			isa = PBXGroup;
			children = (
				245CE63D1C72CC470083DAA8 /* Main.storyboard */,
				245CE6451C72CC470083DAA8 /* LaunchScreen.storyboard */,
				248603E21C73EB15005DC9B7 /* SceneCell.swift */,
			);
			name = view;
			sourceTree = "<group>";
		};
		245CE6521C73A38A0083DAA8 /* controller */ = {
			isa = PBXGroup;
			children = (
				245CE6391C72CC470083DAA8 /* AppDelegate.swift */,
				245CE63B1C72CC470083DAA8 /* MainViewController.swift */,
				248603F01C768582005DC9B7 /* SceneDetailsVC.swift */,
				248603F21C7685CA005DC9B7 /* CreateSceneVC.swift */,
				2414C8FD1C7AB3A10030B861 /* AddMovieToSceneVC.swift */,
			);
			name = controller;
			sourceTree = "<group>";
		};
		245CE6531C73A3A10083DAA8 /* model */ = {
			isa = PBXGroup;
			children = (
				248603EC1C767070005DC9B7 /* Scene+CoreDataProperties.swift */,
				248603ED1C767070005DC9B7 /* Scene.swift */,
				248603E41C73ED35005DC9B7 /* ScenePost.swift */,
				245CE6401C72CC470083DAA8 /* My_Life_is_a_Movie.xcdatamodeld */,
			);
			name = model;
			sourceTree = "<group>";
		};
/* End PBXGroup section */

/* Begin PBXNativeTarget section */
		245CE6351C72CC470083DAA8 /* My-Life-is-a-Movie */ = {
			isa = PBXNativeTarget;
			buildConfigurationList = 245CE64B1C72CC470083DAA8 /* Build configuration list for PBXNativeTarget "My-Life-is-a-Movie" */;
			buildPhases = (
				245CE6321C72CC470083DAA8 /* Sources */,
				245CE6331C72CC470083DAA8 /* Frameworks */,
				245CE6341C72CC470083DAA8 /* Resources */,
			);
			buildRules = (
			);
			dependencies = (
			);
			name = "My-Life-is-a-Movie";
			productName = "My-Life-is-a-Movie";
			productReference = 245CE6361C72CC470083DAA8 /* My-Life-is-a-Movie.app */;
			productType = "com.apple.product-type.application";
		};
/* End PBXNativeTarget section */

/* Begin PBXProject section */
		245CE62E1C72CC470083DAA8 /* Project object */ = {
			isa = PBXProject;
			attributes = {
				LastSwiftUpdateCheck = 0720;
				LastUpgradeCheck = 0720;
				ORGANIZATIONNAME = "Anthony Torrero Collins";
				TargetAttributes = {
					245CE6351C72CC470083DAA8 = {
						CreatedOnToolsVersion = 7.2.1;
						DevelopmentTeam = A3XXLP2945;
					};
				};
			};
			buildConfigurationList = 245CE6311C72CC470083DAA8 /* Build configuration list for PBXProject "My-Life-is-a-Movie" */;
			compatibilityVersion = "Xcode 3.2";
			developmentRegion = English;
			hasScannedForEncodings = 0;
			knownRegions = (
				en,
				Base,
			);
			mainGroup = 245CE62D1C72CC470083DAA8;
			productRefGroup = 245CE6371C72CC470083DAA8 /* Products */;
			projectDirPath = "";
			projectRoot = "";
			targets = (
				245CE6351C72CC470083DAA8 /* My-Life-is-a-Movie */,
			);
		};
/* End PBXProject section */

/* Begin PBXResourcesBuildPhase section */
		245CE6341C72CC470083DAA8 /* Resources */ = {
			isa = PBXResourcesBuildPhase;
			buildActionMask = 2147483647;
			files = (
				245CE6501C72CC6E0083DAA8 /* README in Resources */,
				245CE6551C73DB4D0083DAA8 /* Skia.ttf in Resources */,
				245CE6471C72CC470083DAA8 /* LaunchScreen.storyboard in Resources */,
				245CE6441C72CC470083DAA8 /* Assets.xcassets in Resources */,
				245CE63F1C72CC470083DAA8 /* Main.storyboard in Resources */,
			);
			runOnlyForDeploymentPostprocessing = 0;
		};
/* End PBXResourcesBuildPhase section */

/* Begin PBXSourcesBuildPhase section */
		245CE6321C72CC470083DAA8 /* Sources */ = {
			isa = PBXSourcesBuildPhase;
			buildActionMask = 2147483647;
			files = (
				248603E51C73ED35005DC9B7 /* ScenePost.swift in Sources */,
				2414C9001C7EAD720030B861 /* UILabelAutoSize.swift in Sources */,
				248603E31C73EB15005DC9B7 /* SceneCell.swift in Sources */,
				248603EE1C767070005DC9B7 /* Scene+CoreDataProperties.swift in Sources */,
				248603F31C7685CA005DC9B7 /* CreateSceneVC.swift in Sources */,
				245CE6421C72CC470083DAA8 /* My_Life_is_a_Movie.xcdatamodeld in Sources */,
				248603F11C768582005DC9B7 /* SceneDetailsVC.swift in Sources */,
				248603EF1C767070005DC9B7 /* Scene.swift in Sources */,
				2414C8FE1C7AB3A10030B861 /* AddMovieToSceneVC.swift in Sources */,
				245CE63C1C72CC470083DAA8 /* MainViewController.swift in Sources */,
				245CE63A1C72CC470083DAA8 /* AppDelegate.swift in Sources */,
			);
			runOnlyForDeploymentPostprocessing = 0;
		};
/* End PBXSourcesBuildPhase section */

/* Begin PBXVariantGroup section */
		245CE63D1C72CC470083DAA8 /* Main.storyboard */ = {
			isa = PBXVariantGroup;
			children = (
				245CE63E1C72CC470083DAA8 /* Base */,
			);
			name = Main.storyboard;
			path = "My-Life-is-a-Movie";
			sourceTree = "<group>";
		};
		245CE6451C72CC470083DAA8 /* LaunchScreen.storyboard */ = {
			isa = PBXVariantGroup;
			children = (
				245CE6461C72CC470083DAA8 /* Base */,
			);
			name = LaunchScreen.storyboard;
			path = "My-Life-is-a-Movie";
			sourceTree = "<group>";
		};
/* End PBXVariantGroup section */

/* Begin XCBuildConfiguration section */
		245CE6491C72CC470083DAA8 /* Debug */ = {
			isa = XCBuildConfiguration;
			buildSettings = {
				ALWAYS_SEARCH_USER_PATHS = NO;
				CLANG_CXX_LANGUAGE_STANDARD = "gnu++0x";
				CLANG_CXX_LIBRARY = "libc++";
				CLANG_ENABLE_MODULES = YES;
				CLANG_ENABLE_OBJC_ARC = YES;
				CLANG_WARN_BOOL_CONVERSION = YES;
				CLANG_WARN_CONSTANT_CONVERSION = YES;
				CLANG_WARN_DIRECT_OBJC_ISA_USAGE = YES_ERROR;
				CLANG_WARN_EMPTY_BODY = YES;
				CLANG_WARN_ENUM_CONVERSION = YES;
				CLANG_WARN_INT_CONVERSION = YES;
				CLANG_WARN_OBJC_ROOT_CLASS = YES_ERROR;
				CLANG_WARN_UNREACHABLE_CODE = YES;
				CLANG_WARN__DUPLICATE_METHOD_MATCH = YES;
				"CODE_SIGN_IDENTITY[sdk=iphoneos*]" = "iPhone Developer";
				COPY_PHASE_STRIP = NO;
				DEBUG_INFORMATION_FORMAT = dwarf;
				ENABLE_STRICT_OBJC_MSGSEND = YES;
				ENABLE_TESTABILITY = YES;
				GCC_C_LANGUAGE_STANDARD = gnu99;
				GCC_DYNAMIC_NO_PIC = NO;
				GCC_NO_COMMON_BLOCKS = YES;
				GCC_OPTIMIZATION_LEVEL = 0;
				GCC_PREPROCESSOR_DEFINITIONS = (
					"DEBUG=1",
					"$(inherited)",
				);
				GCC_WARN_64_TO_32_BIT_CONVERSION = YES;
				GCC_WARN_ABOUT_RETURN_TYPE = YES_ERROR;
				GCC_WARN_UNDECLARED_SELECTOR = YES;
				GCC_WARN_UNINITIALIZED_AUTOS = YES_AGGRESSIVE;
				GCC_WARN_UNUSED_FUNCTION = YES;
				GCC_WARN_UNUSED_VARIABLE = YES;
				IPHONEOS_DEPLOYMENT_TARGET = 9.2;
				MTL_ENABLE_DEBUG_INFO = YES;
				ONLY_ACTIVE_ARCH = YES;
				SDKROOT = iphoneos;
				SWIFT_OPTIMIZATION_LEVEL = "-Onone";
				TARGETED_DEVICE_FAMILY = "1,2";
			};
			name = Debug;
		};
		245CE64A1C72CC470083DAA8 /* Release */ = {
			isa = XCBuildConfiguration;
			buildSettings = {
				ALWAYS_SEARCH_USER_PATHS = NO;
				CLANG_CXX_LANGUAGE_STANDARD = "gnu++0x";
				CLANG_CXX_LIBRARY = "libc++";
				CLANG_ENABLE_MODULES = YES;
				CLANG_ENABLE_OBJC_ARC = YES;
				CLANG_WARN_BOOL_CONVERSION = YES;
				CLANG_WARN_CONSTANT_CONVERSION = YES;
				CLANG_WARN_DIRECT_OBJC_ISA_USAGE = YES_ERROR;
				CLANG_WARN_EMPTY_BODY = YES;
				CLANG_WARN_ENUM_CONVERSION = YES;
				CLANG_WARN_INT_CONVERSION = YES;
				CLANG_WARN_OBJC_ROOT_CLASS = YES_ERROR;
				CLANG_WARN_UNREACHABLE_CODE = YES;
				CLANG_WARN__DUPLICATE_METHOD_MATCH = YES;
				"CODE_SIGN_IDENTITY[sdk=iphoneos*]" = "iPhone Developer";
				COPY_PHASE_STRIP = NO;
				DEBUG_INFORMATION_FORMAT = "dwarf-with-dsym";
				ENABLE_NS_ASSERTIONS = NO;
				ENABLE_STRICT_OBJC_MSGSEND = YES;
				GCC_C_LANGUAGE_STANDARD = gnu99;
				GCC_NO_COMMON_BLOCKS = YES;
				GCC_WARN_64_TO_32_BIT_CONVERSION = YES;
				GCC_WARN_ABOUT_RETURN_TYPE = YES_ERROR;
				GCC_WARN_UNDECLARED_SELECTOR = YES;
				GCC_WARN_UNINITIALIZED_AUTOS = YES_AGGRESSIVE;
				GCC_WARN_UNUSED_FUNCTION = YES;
				GCC_WARN_UNUSED_VARIABLE = YES;
				IPHONEOS_DEPLOYMENT_TARGET = 9.2;
				MTL_ENABLE_DEBUG_INFO = NO;
				SDKROOT = iphoneos;
				TARGETED_DEVICE_FAMILY = "1,2";
				VALIDATE_PRODUCT = YES;
			};
			name = Release;
		};
		245CE64C1C72CC470083DAA8 /* Debug */ = {
			isa = XCBuildConfiguration;
			buildSettings = {
				ASSETCATALOG_COMPILER_APPICON_NAME = AppIcon;
				INFOPLIST_FILE = "My-Life-is-a-Movie/Info.plist";
				IPHONEOS_DEPLOYMENT_TARGET = 9.2;
				LD_RUNPATH_SEARCH_PATHS = "$(inherited) @executable_path/Frameworks";
				PRODUCT_BUNDLE_IDENTIFIER = "com.atc.learning.My-Life-is-a-Movie";
				PRODUCT_NAME = "$(TARGET_NAME)";
			};
			name = Debug;
		};
		245CE64D1C72CC470083DAA8 /* Release */ = {
			isa = XCBuildConfiguration;
			buildSettings = {
				ASSETCATALOG_COMPILER_APPICON_NAME = AppIcon;
				INFOPLIST_FILE = "My-Life-is-a-Movie/Info.plist";
				IPHONEOS_DEPLOYMENT_TARGET = 9.2;
				LD_RUNPATH_SEARCH_PATHS = "$(inherited) @executable_path/Frameworks";
				PRODUCT_BUNDLE_IDENTIFIER = "com.atc.learning.My-Life-is-a-Movie";
				PRODUCT_NAME = "$(TARGET_NAME)";
			};
			name = Release;
		};
/* End XCBuildConfiguration section */

/* Begin XCConfigurationList section */
		245CE6311C72CC470083DAA8 /* Build configuration list for PBXProject "My-Life-is-a-Movie" */ = {
			isa = XCConfigurationList;
			buildConfigurations = (
				245CE6491C72CC470083DAA8 /* Debug */,
				245CE64A1C72CC470083DAA8 /* Release */,
			);
			defaultConfigurationIsVisible = 0;
			defaultConfigurationName = Release;
		};
		245CE64B1C72CC470083DAA8 /* Build configuration list for PBXNativeTarget "My-Life-is-a-Movie" */ = {
			isa = XCConfigurationList;
			buildConfigurations = (
				245CE64C1C72CC470083DAA8 /* Debug */,
				245CE64D1C72CC470083DAA8 /* Release */,
			);
			defaultConfigurationIsVisible = 0;
			defaultConfigurationName = Release;
		};
/* End XCConfigurationList section */

/* Begin XCVersionGroup section */
		245CE6401C72CC470083DAA8 /* My_Life_is_a_Movie.xcdatamodeld */ = {
			isa = XCVersionGroup;
			children = (
				245CE6411C72CC470083DAA8 /* My_Life_is_a_Movie.xcdatamodel */,
			);
			currentVersion = 245CE6411C72CC470083DAA8 /* My_Life_is_a_Movie.xcdatamodel */;
			name = My_Life_is_a_Movie.xcdatamodeld;
			path = "My-Life-is-a-Movie/My_Life_is_a_Movie.xcdatamodeld";
			sourceTree = "<group>";
			versionGroupType = wrapper.xcdatamodel;
		};
/* End XCVersionGroup section */
	};
	rootObject = 245CE62E1C72CC470083DAA8 /* Project object */;
}
